
Microsoft Visual Studio Solution File, Format Version 12.00
# Visual Studio Version 16
VisualStudioVersion = 16.0.31829.152
MinimumVisualStudioVersion = 10.0.40219.1
Project("{FAE04EC0-301F-11D3-BF4B-00C04F79EFBC}") = "FizzBuzzLab1a", "FizzBuzzLab1a\FizzBuzzLab1a.csproj", "{2BF86609-B34A-45B5-885E-8383B8B8076C}"
EndProject
Project("{FAE04EC0-301F-11D3-BF4B-00C04F79EFBC}") = "FizzBuzzTest", "FizzBuzzTest\FizzBuzzTest.csproj", "{6F201B8B-FA47-496C-9C7B-19D358883EB0}"
EndProject
Global
	GlobalSection(SolutionConfigurationPlatforms) = preSolution
		Debug|Any CPU = Debug|Any CPU
		Release|Any CPU = Release|Any CPU
	EndGlobalSection
	GlobalSection(ProjectConfigurationPlatforms) = postSolution
		{2BF86609-B34A-45B5-885E-8383B8B8076C}.Debug|Any CPU.ActiveCfg = Debug|Any CPU
		{2BF86609-B34A-45B5-885E-8383B8B8076C}.Debug|Any CPU.Build.0 = Debug|Any CPU
		{2BF86609-B34A-45B5-885E-8383B8B8076C}.Release|Any CPU.ActiveCfg = Release|Any CPU
		{2BF86609-B34A-45B5-885E-8383B8B8076C}.Release|Any CPU.Build.0 = Release|Any CPU
		{6F201B8B-FA47-496C-9C7B-19D358883EB0}.Debug|Any CPU.ActiveCfg = Debug|Any CPU
		{6F201B8B-FA47-496C-9C7B-19D358883EB0}.Debug|Any CPU.Build.0 = Debug|Any CPU
		{6F201B8B-FA47-496C-9C7B-19D358883EB0}.Release|Any CPU.ActiveCfg = Release|Any CPU
		{6F201B8B-FA47-496C-9C7B-19D358883EB0}.Release|Any CPU.Build.0 = Release|Any CPU
	EndGlobalSection
	GlobalSection(SolutionProperties) = preSolution
		HideSolutionNode = FALSE
	EndGlobalSection
	GlobalSection(ExtensibilityGlobals) = postSolution
		SolutionGuid = {6F1AA66B-679A-4274-B478-BA07EFEBCB95}
	EndGlobalSection
EndGlobal
